
Microsoft Visual Studio Solution File, Format Version 12.00
# Visual Studio 2013
Project("{FAE04EC0-301F-11D3-BF4B-00C04F79EFBC}") = "Spelling Bee", "Spelling Bee\Spelling Bee.csproj", "{b1f7210a-f409-40f4-9556-22abbc5f4d8b}"
EndProject
Global
	GlobalSection(SolutionConfigurationPlatforms) = preSolution
		Debug|Any CPU = Debug|Any CPU
		Release|Any CPU = Release|Any CPU
	EndGlobalSection
	GlobalSection(ProjectConfigurationPlatforms) = postSolution
		{B1F7210A-F409-40F4-9556-22ABBC5F4D8B}.Debug|Any CPU.ActiveCfg = Debug|Any CPU
		{B1F7210A-F409-40F4-9556-22ABBC5F4D8B}.Debug|Any CPU.Build.0 = Debug|Any CPU
		{B1F7210A-F409-40F4-9556-22ABBC5F4D8B}.Release|Any CPU.ActiveCfg = Release|Any CPU
		{B1F7210A-F409-40F4-9556-22ABBC5F4D8B}.Release|Any CPU.Build.0 = Release|Any CPU
	EndGlobalSection
EndGlobal
